// !$*UTF8*$!
{
	archiveVersion = 1;
	classes = {
	};
	objectVersion = 50;
	objects = {

/* Begin PBXBuildFile section */
		342343C222FC1D43007D2E15 /* AppDelegate.swift in Sources */ = {isa = PBXBuildFile; fileRef = 342343C122FC1D43007D2E15 /* AppDelegate.swift */; };
		342343C422FC1D43007D2E15 /* ViewController.swift in Sources */ = {isa = PBXBuildFile; fileRef = 342343C322FC1D43007D2E15 /* ViewController.swift */; };
		342343C722FC1D43007D2E15 /* Main.storyboard in Resources */ = {isa = PBXBuildFile; fileRef = 342343C522FC1D43007D2E15 /* Main.storyboard */; };
		342343C922FC1D44007D2E15 /* Assets.xcassets in Resources */ = {isa = PBXBuildFile; fileRef = 342343C822FC1D44007D2E15 /* Assets.xcassets */; };
		342343CC22FC1D44007D2E15 /* LaunchScreen.storyboard in Resources */ = {isa = PBXBuildFile; fileRef = 342343CA22FC1D44007D2E15 /* LaunchScreen.storyboard */; };
		342343D422FC1D63007D2E15 /* MainVC.swift in Sources */ = {isa = PBXBuildFile; fileRef = 342343D322FC1D63007D2E15 /* MainVC.swift */; };
		342343D622FC4330007D2E15 /* CellData.swift in Sources */ = {isa = PBXBuildFile; fileRef = 342343D522FC4330007D2E15 /* CellData.swift */; };
		342343D822FC49BC007D2E15 /* MyCell.swift in Sources */ = {isa = PBXBuildFile; fileRef = 342343D722FC49BC007D2E15 /* MyCell.swift */; };
/* End PBXBuildFile section */

/* Begin PBXFileReference section */
		342343BE22FC1D43007D2E15 /* collapse.app */ = {isa = PBXFileReference; explicitFileType = wrapper.application; includeInIndex = 0; path = collapse.app; sourceTree = BUILT_PRODUCTS_DIR; };
		342343C122FC1D43007D2E15 /* AppDelegate.swift */ = {isa = PBXFileReference; lastKnownFileType = sourcecode.swift; path = AppDelegate.swift; sourceTree = "<group>"; };
		342343C322FC1D43007D2E15 /* ViewController.swift */ = {isa = PBXFileReference; lastKnownFileType = sourcecode.swift; path = ViewController.swift; sourceTree = "<group>"; };
		342343C622FC1D43007D2E15 /* Base */ = {isa = PBXFileReference; lastKnownFileType = file.storyboard; name = Base; path = Base.lproj/Main.storyboard; sourceTree = "<group>"; };
		342343C822FC1D44007D2E15 /* Assets.xcassets */ = {isa = PBXFileReference; lastKnownFileType = folder.assetcatalog; path = Assets.xcassets; sourceTree = "<group>"; };
		342343CB22FC1D44007D2E15 /* Base */ = {isa = PBXFileReference; lastKnownFileType = file.storyboard; name = Base; path = Base.lproj/LaunchScreen.storyboard; sourceTree = "<group>"; };
		342343CD22FC1D44007D2E15 /* Info.plist */ = {isa = PBXFileReference; lastKnownFileType = text.plist.xml; path = Info.plist; sourceTree = "<group>"; };
		342343D322FC1D63007D2E15 /* MainVC.swift */ = {isa = PBXFileReference; lastKnownFileType = sourcecode.swift; path = MainVC.swift; sourceTree = "<group>"; };
		342343D522FC4330007D2E15 /* CellData.swift */ = {isa = PBXFileReference; lastKnownFileType = sourcecode.swift; path = CellData.swift; sourceTree = "<group>"; };
		342343D722FC49BC007D2E15 /* MyCell.swift */ = {isa = PBXFileReference; lastKnownFileType = sourcecode.swift; path = MyCell.swift; sourceTree = "<group>"; };
/* End PBXFileReference section */

/* Begin PBXFrameworksBuildPhase section */
		342343BB22FC1D43007D2E15 /* Frameworks */ = {
			isa = PBXFrameworksBuildPhase;
			buildActionMask = 2147483647;
			files = (
			);
			runOnlyForDeploymentPostprocessing = 0;
		};
/* End PBXFrameworksBuildPhase section */

/* Begin PBXGroup section */
		342343B522FC1D43007D2E15 = {
			isa = PBXGroup;
			children = (
				342343C022FC1D43007D2E15 /* collapse */,
				342343BF22FC1D43007D2E15 /* Products */,
			);
			sourceTree = "<group>";
		};
		342343BF22FC1D43007D2E15 /* Products */ = {
			isa = PBXGroup;
			children = (
				342343BE22FC1D43007D2E15 /* collapse.app */,
			);
			name = Products;
			sourceTree = "<group>";
		};
		342343C022FC1D43007D2E15 /* collapse */ = {
			isa = PBXGroup;
			children = (
				342343C122FC1D43007D2E15 /* AppDelegate.swift */,
				342343C322FC1D43007D2E15 /* ViewController.swift */,
				342343C522FC1D43007D2E15 /* Main.storyboard */,
				342343C822FC1D44007D2E15 /* Assets.xcassets */,
				342343CA22FC1D44007D2E15 /* LaunchScreen.storyboard */,
				342343CD22FC1D44007D2E15 /* Info.plist */,
				342343D322FC1D63007D2E15 /* MainVC.swift */,
				342343D522FC4330007D2E15 /* CellData.swift */,
				342343D722FC49BC007D2E15 /* MyCell.swift */,
			);
			path = collapse;
			sourceTree = "<group>";
		};
/* End PBXGroup section */

/* Begin PBXNativeTarget section */
		342343BD22FC1D43007D2E15 /* collapse */ = {
			isa = PBXNativeTarget;
			buildConfigurationList = 342343D022FC1D44007D2E15 /* Build configuration list for PBXNativeTarget "collapse" */;
			buildPhases = (
				342343BA22FC1D43007D2E15 /* Sources */,
				342343BB22FC1D43007D2E15 /* Frameworks */,
				342343BC22FC1D43007D2E15 /* Resources */,
			);
			buildRules = (
			);
			dependencies = (
			);
			name = collapse;
			productName = collapse;
			productReference = 342343BE22FC1D43007D2E15 /* collapse.app */;
			productType = "com.apple.product-type.application";
		};
/* End PBXNativeTarget section */

/* Begin PBXProject section */
		342343B622FC1D43007D2E15 /* Project object */ = {
			isa = PBXProject;
			attributes = {
				LastSwiftUpdateCheck = 1020;
				LastUpgradeCheck = 1020;
				ORGANIZATIONNAME = "Khaled Rahman Ayon";
				TargetAttributes = {
					342343BD22FC1D43007D2E15 = {
						CreatedOnToolsVersion = 10.2;
					};
				};
			};
			buildConfigurationList = 342343B922FC1D43007D2E15 /* Build configuration list for PBXProject "collapse" */;
			compatibilityVersion = "Xcode 9.3";
			developmentRegion = en;
			hasScannedForEncodings = 0;
			knownRegions = (
				en,
				Base,
			);
			mainGroup = 342343B522FC1D43007D2E15;
			productRefGroup = 342343BF22FC1D43007D2E15 /* Products */;
			projectDirPath = "";
			projectRoot = "";
			targets = (
				342343BD22FC1D43007D2E15 /* collapse */,
			);
		};
/* End PBXProject section */

/* Begin PBXResourcesBuildPhase section */
		342343BC22FC1D43007D2E15 /* Resources */ = {
			isa = PBXResourcesBuildPhase;
			buildActionMask = 2147483647;
			files = (
				342343CC22FC1D44007D2E15 /* LaunchScreen.storyboard in Resources */,
				342343C922FC1D44007D2E15 /* Assets.xcassets in Resources */,
				342343C722FC1D43007D2E15 /* Main.storyboard in Resources */,
			);
			runOnlyForDeploymentPostprocessing = 0;
		};
/* End PBXResourcesBuildPhase section */

/* Begin PBXSourcesBuildPhase section */
		342343BA22FC1D43007D2E15 /* Sources */ = {
			isa = PBXSourcesBuildPhase;
			buildActionMask = 2147483647;
			files = (
				342343C422FC1D43007D2E15 /* ViewController.swift in Sources */,
				342343D822FC49BC007D2E15 /* MyCell.swift in Sources */,
				342343D422FC1D63007D2E15 /* MainVC.swift in Sources */,
				342343C222FC1D43007D2E15 /* AppDelegate.swift in Sources */,
				342343D622FC4330007D2E15 /* CellData.swift in Sources */,
			);
			runOnlyForDeploymentPostprocessing = 0;
		};
/* End PBXSourcesBuildPhase section */

/* Begin PBXVariantGroup section */
		342343C522FC1D43007D2E15 /* Main.storyboard */ = {
			isa = PBXVariantGroup;
			children = (
				342343C622FC1D43007D2E15 /* Base */,
			);
			name = Main.storyboard;
			sourceTree = "<group>";
		};
		342343CA22FC1D44007D2E15 /* LaunchScreen.storyboard */ = {
			isa = PBXVariantGroup;
			children = (
				342343CB22FC1D44007D2E15 /* Base */,
			);
			name = LaunchScreen.storyboard;
			sourceTree = "<group>";
		};
/* End PBXVariantGroup section */

/* Begin XCBuildConfiguration section */
		342343CE22FC1D44007D2E15 /* Debug */ = {
			isa = XCBuildConfiguration;
			buildSettings = {
				ALWAYS_SEARCH_USER_PATHS = NO;
				CLANG_ANALYZER_NONNULL = YES;
				CLANG_ANALYZER_NUMBER_OBJECT_CONVERSION = YES_AGGRESSIVE;
				CLANG_CXX_LANGUAGE_STANDARD = "gnu++14";
				CLANG_CXX_LIBRARY = "libc++";
				CLANG_ENABLE_MODULES = YES;
				CLANG_ENABLE_OBJC_ARC = YES;
				CLANG_ENABLE_OBJC_WEAK = YES;
				CLANG_WARN_BLOCK_CAPTURE_AUTORELEASING = YES;
				CLANG_WARN_BOOL_CONVERSION = YES;
				CLANG_WARN_COMMA = YES;
				CLANG_WARN_CONSTANT_CONVERSION = YES;
				CLANG_WARN_DEPRECATED_OBJC_IMPLEMENTATIONS = YES;
				CLANG_WARN_DIRECT_OBJC_ISA_USAGE = YES_ERROR;
				CLANG_WARN_DOCUMENTATION_COMMENTS = YES;
				CLANG_WARN_EMPTY_BODY = YES;
				CLANG_WARN_ENUM_CONVERSION = YES;
				CLANG_WARN_INFINITE_RECURSION = YES;
				CLANG_WARN_INT_CONVERSION = YES;
				CLANG_WARN_NON_LITERAL_NULL_CONVERSION = YES;
				CLANG_WARN_OBJC_IMPLICIT_RETAIN_SELF = YES;
				CLANG_WARN_OBJC_LITERAL_CONVERSION = YES;
				CLANG_WARN_OBJC_ROOT_CLASS = YES_ERROR;
				CLANG_WARN_RANGE_LOOP_ANALYSIS = YES;
				CLANG_WARN_STRICT_PROTOTYPES = YES;
				CLANG_WARN_SUSPICIOUS_MOVE = YES;
				CLANG_WARN_UNGUARDED_AVAILABILITY = YES_AGGRESSIVE;
				CLANG_WARN_UNREACHABLE_CODE = YES;
				CLANG_WARN__DUPLICATE_METHOD_MATCH = YES;
				CODE_SIGN_IDENTITY = "iPhone Developer";
				COPY_PHASE_STRIP = NO;
				DEBUG_INFORMATION_FORMAT = dwarf;
				ENABLE_STRICT_OBJC_MSGSEND = YES;
				ENABLE_TESTABILITY = YES;
				GCC_C_LANGUAGE_STANDARD = gnu11;
				GCC_DYNAMIC_NO_PIC = NO;
				GCC_NO_COMMON_BLOCKS = YES;
				GCC_OPTIMIZATION_LEVEL = 0;
				GCC_PREPROCESSOR_DEFINITIONS = (
					"DEBUG=1",
					"$(inherited)",
				);
				GCC_WARN_64_TO_32_BIT_CONVERSION = YES;
				GCC_WARN_ABOUT_RETURN_TYPE = YES_ERROR;
				GCC_WARN_UNDECLARED_SELECTOR = YES;
				GCC_WARN_UNINITIALIZED_AUTOS = YES_AGGRESSIVE;
				GCC_WARN_UNUSED_FUNCTION = YES;
				GCC_WARN_UNUSED_VARIABLE = YES;
				IPHONEOS_DEPLOYMENT_TARGET = 12.2;
				MTL_ENABLE_DEBUG_INFO = INCLUDE_SOURCE;
				MTL_FAST_MATH = YES;
				ONLY_ACTIVE_ARCH = YES;
				SDKROOT = iphoneos;
				SWIFT_ACTIVE_COMPILATION_CONDITIONS = DEBUG;
				SWIFT_OPTIMIZATION_LEVEL = "-Onone";
			};
			name = Debug;
		};
		342343CF22FC1D44007D2E15 /* Release */ = {
			isa = XCBuildConfiguration;
			buildSettings = {
				ALWAYS_SEARCH_USER_PATHS = NO;
				CLANG_ANALYZER_NONNULL = YES;
				CLANG_ANALYZER_NUMBER_OBJECT_CONVERSION = YES_AGGRESSIVE;
				CLANG_CXX_LANGUAGE_STANDARD = "gnu++14";
				CLANG_CXX_LIBRARY = "libc++";
				CLANG_ENABLE_MODULES = YES;
				CLANG_ENABLE_OBJC_ARC = YES;
				CLANG_ENABLE_OBJC_WEAK = YES;
				CLANG_WARN_BLOCK_CAPTURE_AUTORELEASING = YES;
				CLANG_WARN_BOOL_CONVERSION = YES;
				CLANG_WARN_COMMA = YES;
				CLANG_WARN_CONSTANT_CONVERSION = YES;
				CLANG_WARN_DEPRECATED_OBJC_IMPLEMENTATIONS = YES;
				CLANG_WARN_DIRECT_OBJC_ISA_USAGE = YES_ERROR;
				CLANG_WARN_DOCUMENTATION_COMMENTS = YES;
				CLANG_WARN_EMPTY_BODY = YES;
				CLANG_WARN_ENUM_CONVERSION = YES;
				CLANG_WARN_INFINITE_RECURSION = YES;
				CLANG_WARN_INT_CONVERSION = YES;
				CLANG_WARN_NON_LITERAL_NULL_CONVERSION = YES;
				CLANG_WARN_OBJC_IMPLICIT_RETAIN_SELF = YES;
				CLANG_WARN_OBJC_LITERAL_CONVERSION = YES;
				CLANG_WARN_OBJC_ROOT_CLASS = YES_ERROR;
				CLANG_WARN_RANGE_LOOP_ANALYSIS = YES;
				CLANG_WARN_STRICT_PROTOTYPES = YES;
				CLANG_WARN_SUSPICIOUS_MOVE = YES;
				CLANG_WARN_UNGUARDED_AVAILABILITY = YES_AGGRESSIVE;
				CLANG_WARN_UNREACHABLE_CODE = YES;
				CLANG_WARN__DUPLICATE_METHOD_MATCH = YES;
				CODE_SIGN_IDENTITY = "iPhone Developer";
				COPY_PHASE_STRIP = NO;
				DEBUG_INFORMATION_FORMAT = "dwarf-with-dsym";
				ENABLE_NS_ASSERTIONS = NO;
				ENABLE_STRICT_OBJC_MSGSEND = YES;
				GCC_C_LANGUAGE_STANDARD = gnu11;
				GCC_NO_COMMON_BLOCKS = YES;
				GCC_WARN_64_TO_32_BIT_CONVERSION = YES;
				GCC_WARN_ABOUT_RETURN_TYPE = YES_ERROR;
				GCC_WARN_UNDECLARED_SELECTOR = YES;
				GCC_WARN_UNINITIALIZED_AUTOS = YES_AGGRESSIVE;
				GCC_WARN_UNUSED_FUNCTION = YES;
				GCC_WARN_UNUSED_VARIABLE = YES;
				IPHONEOS_DEPLOYMENT_TARGET = 12.2;
				MTL_ENABLE_DEBUG_INFO = NO;
				MTL_FAST_MATH = YES;
				SDKROOT = iphoneos;
				SWIFT_COMPILATION_MODE = wholemodule;
				SWIFT_OPTIMIZATION_LEVEL = "-O";
				VALIDATE_PRODUCT = YES;
			};
			name = Release;
		};
		342343D122FC1D44007D2E15 /* Debug */ = {
			isa = XCBuildConfiguration;
			buildSettings = {
				ASSETCATALOG_COMPILER_APPICON_NAME = AppIcon;
				CODE_SIGN_STYLE = Automatic;
				DEVELOPMENT_TEAM = ST54PVBANK;
				INFOPLIST_FILE = collapse/Info.plist;
				LD_RUNPATH_SEARCH_PATHS = (
					"$(inherited)",
					"@executable_path/Frameworks",
				);
				PRODUCT_BUNDLE_IDENTIFIER = new.sapient.AegeanAirlinesDBG.collapse;
				PRODUCT_NAME = "$(TARGET_NAME)";
				SWIFT_VERSION = 5.0;
				TARGETED_DEVICE_FAMILY = "1,2";
			};
			name = Debug;
		};
		342343D222FC1D44007D2E15 /* Release */ = {
			isa = XCBuildConfiguration;
			buildSettings = {
				ASSETCATALOG_COMPILER_APPICON_NAME = AppIcon;
				CODE_SIGN_STYLE = Automatic;
				DEVELOPMENT_TEAM = ST54PVBANK;
				INFOPLIST_FILE = collapse/Info.plist;
				LD_RUNPATH_SEARCH_PATHS = (
					"$(inherited)",
					"@executable_path/Frameworks",
				);
				PRODUCT_BUNDLE_IDENTIFIER = new.sapient.AegeanAirlinesDBG.collapse;
				PRODUCT_NAME = "$(TARGET_NAME)";
				SWIFT_VERSION = 5.0;
				TARGETED_DEVICE_FAMILY = "1,2";
			};
			name = Release;
		};
/* End XCBuildConfiguration section */

/* Begin XCConfigurationList section */
		342343B922FC1D43007D2E15 /* Build configuration list for PBXProject "collapse" */ = {
			isa = XCConfigurationList;
			buildConfigurations = (
				342343CE22FC1D44007D2E15 /* Debug */,
				342343CF22FC1D44007D2E15 /* Release */,
			);
			defaultConfigurationIsVisible = 0;
			defaultConfigurationName = Release;
		};
		342343D022FC1D44007D2E15 /* Build configuration list for PBXNativeTarget "collapse" */ = {
			isa = XCConfigurationList;
			buildConfigurations = (
				342343D122FC1D44007D2E15 /* Debug */,
				342343D222FC1D44007D2E15 /* Release */,
			);
			defaultConfigurationIsVisible = 0;
			defaultConfigurationName = Release;
		};
/* End XCConfigurationList section */
	};
	rootObject = 342343B622FC1D43007D2E15 /* Project object */;
}
